
Microsoft Visual Studio Solution File, Format Version 12.00
# Visual Studio Version 16
VisualStudioVersion = 16.0.31313.79
MinimumVisualStudioVersion = 10.0.40219.1
Project("{9A19103F-16F7-4668-BE54-9A1E7A4F7556}") = "TriangleAssignment", "TriangleAssignment\TriangleAssignment.csproj", "{B8823B80-586E-4729-9E1A-81DAD64B76C2}"
EndProject
Project("{FAE04EC0-301F-11D3-BF4B-00C04F79EFBC}") = "TriangleUnitTest", "TestProject1\TriangleUnitTest.csproj", "{D100B4E1-1E8B-4D65-86B2-FE3D882429BC}"
EndProject
Global
	GlobalSection(SolutionConfigurationPlatforms) = preSolution
		Debug|Any CPU = Debug|Any CPU
		Release|Any CPU = Release|Any CPU
	EndGlobalSection
	GlobalSection(ProjectConfigurationPlatforms) = postSolution
		{B8823B80-586E-4729-9E1A-81DAD64B76C2}.Debug|Any CPU.ActiveCfg = Debug|Any CPU
		{B8823B80-586E-4729-9E1A-81DAD64B76C2}.Debug|Any CPU.Build.0 = Debug|Any CPU
		{B8823B80-586E-4729-9E1A-81DAD64B76C2}.Release|Any CPU.ActiveCfg = Release|Any CPU
		{B8823B80-586E-4729-9E1A-81DAD64B76C2}.Release|Any CPU.Build.0 = Release|Any CPU
		{D100B4E1-1E8B-4D65-86B2-FE3D882429BC}.Debug|Any CPU.ActiveCfg = Debug|Any CPU
		{D100B4E1-1E8B-4D65-86B2-FE3D882429BC}.Debug|Any CPU.Build.0 = Debug|Any CPU
		{D100B4E1-1E8B-4D65-86B2-FE3D882429BC}.Release|Any CPU.ActiveCfg = Release|Any CPU
		{D100B4E1-1E8B-4D65-86B2-FE3D882429BC}.Release|Any CPU.Build.0 = Release|Any CPU
	EndGlobalSection
	GlobalSection(SolutionProperties) = preSolution
		HideSolutionNode = FALSE
	EndGlobalSection
	GlobalSection(ExtensibilityGlobals) = postSolution
		SolutionGuid = {8EAEBB6E-D89A-4EA6-A6DB-047317005227}
	EndGlobalSection
EndGlobal
